
Microsoft Visual Studio Solution File, Format Version 12.00
# Visual Studio Version 17
VisualStudioVersion = 17.9.34714.143
MinimumVisualStudioVersion = 10.0.40219.1
Project("{FAE04EC0-301F-11D3-BF4B-00C04F79EFBC}") = "adopt-a-puppy-aspnetcore", "adopt-a-puppy-aspnetcore.csproj", "{4D6EB925-EF5A-4DB1-99D3-4665F28336D1}"
EndProject
Global
	GlobalSection(SolutionConfigurationPlatforms) = preSolution
		Debug|Any CPU = Debug|Any CPU
		Release|Any CPU = Release|Any CPU
	EndGlobalSection
	GlobalSection(ProjectConfigurationPlatforms) = postSolution
		{4D6EB925-EF5A-4DB1-99D3-4665F28336D1}.Debug|Any CPU.ActiveCfg = Debug|Any CPU
		{4D6EB925-EF5A-4DB1-99D3-4665F28336D1}.Debug|Any CPU.Build.0 = Debug|Any CPU
		{4D6EB925-EF5A-4DB1-99D3-4665F28336D1}.Release|Any CPU.ActiveCfg = Release|Any CPU
		{4D6EB925-EF5A-4DB1-99D3-4665F28336D1}.Release|Any CPU.Build.0 = Release|Any CPU
	EndGlobalSection
	GlobalSection(SolutionProperties) = preSolution
		HideSolutionNode = FALSE
	EndGlobalSection
	GlobalSection(ExtensibilityGlobals) = postSolution
		SolutionGuid = {E23B5A1E-E10A-4A6E-8F36-0BF3FCDB457D}
	EndGlobalSection
EndGlobal
